
Microsoft Visual Studio Solution File, Format Version 12.00
# Visual Studio Version 17
VisualStudioVersion = 17.6.33829.357
MinimumVisualStudioVersion = 10.0.40219.1
Project("{FAE04EC0-301F-11D3-BF4B-00C04F79EFBC}") = "CaterpillarControlService.API", "CaterpillarControlService.API\CaterpillarControlService.API.csproj", "{1BBC2B23-F6EF-4D6A-99A7-6612A4032D77}"
EndProject
Global
	GlobalSection(SolutionConfigurationPlatforms) = preSolution
		Debug|Any CPU = Debug|Any CPU
		Release|Any CPU = Release|Any CPU
	EndGlobalSection
	GlobalSection(ProjectConfigurationPlatforms) = postSolution
		{1BBC2B23-F6EF-4D6A-99A7-6612A4032D77}.Debug|Any CPU.ActiveCfg = Debug|Any CPU
		{1BBC2B23-F6EF-4D6A-99A7-6612A4032D77}.Debug|Any CPU.Build.0 = Debug|Any CPU
		{1BBC2B23-F6EF-4D6A-99A7-6612A4032D77}.Release|Any CPU.ActiveCfg = Release|Any CPU
		{1BBC2B23-F6EF-4D6A-99A7-6612A4032D77}.Release|Any CPU.Build.0 = Release|Any CPU
	EndGlobalSection
	GlobalSection(SolutionProperties) = preSolution
		HideSolutionNode = FALSE
	EndGlobalSection
	GlobalSection(ExtensibilityGlobals) = postSolution
		SolutionGuid = {DD40A9A4-7022-4E01-88F3-6D5FD0B8C00D}
	EndGlobalSection
EndGlobal
